PODS:
  - Flutter (1.0.0)
  - flutter_jailbreak_detection_plus (1.10.6):
    - Flutter
    - IOSSecuritySuite
  - IOSSecuritySuite (2.2.0)

DEPENDENCIES:
  - Flutter (from `Flutter`)
  - flutter_jailbreak_detection_plus (from `.symlinks/plugins/flutter_jailbreak_detection_plus/ios`)

SPEC REPOS:
  trunk:
    - IOSSecuritySuite

EXTERNAL SOURCES:
  Flutter:
    :path: Flutter
  flutter_jailbreak_detection_plus:
    :path: ".symlinks/plugins/flutter_jailbreak_detection_plus/ios"

SPEC CHECKSUMS:
  Flutter: 71a624a5bc0c04062bf19101d501e466baf2fb47
  flutter_jailbreak_detection_plus: 7e88bd650871518bb5059e42b14a1def47d07be0
  IOSSecuritySuite: ba76f34cb367b9230934ac37904e26a40d033e3d

PODFILE CHECKSUM: 3ba3a73b1b12adcf321a227a745625fe0888cc82

COCOAPODS: 1.16.2
